
Microsoft Visual Studio Solution File, Format Version 12.00
# Visual Studio Version 17
VisualStudioVersion = 17.11.35312.102
MinimumVisualStudioVersion = 10.0.40219.1
Project("{FAE04EC0-301F-11D3-BF4B-00C04F79EFBC}") = "Rinas_Nov20", "Rinas_Nov20.csproj", "{513EFFA0-72E3-45D1-86FA-155AB7D7D243}"
EndProject
Global
	GlobalSection(SolutionConfigurationPlatforms) = preSolution
		Debug|Any CPU = Debug|Any CPU
		Release|Any CPU = Release|Any CPU
	EndGlobalSection
	GlobalSection(ProjectConfigurationPlatforms) = postSolution
		{513EFFA0-72E3-45D1-86FA-155AB7D7D243}.Debug|Any CPU.ActiveCfg = Debug|Any CPU
		{513EFFA0-72E3-45D1-86FA-155AB7D7D243}.Debug|Any CPU.Build.0 = Debug|Any CPU
		{513EFFA0-72E3-45D1-86FA-155AB7D7D243}.Release|Any CPU.ActiveCfg = Release|Any CPU
		{513EFFA0-72E3-45D1-86FA-155AB7D7D243}.Release|Any CPU.Build.0 = Release|Any CPU
	EndGlobalSection
	GlobalSection(SolutionProperties) = preSolution
		HideSolutionNode = FALSE
	EndGlobalSection
	GlobalSection(ExtensibilityGlobals) = postSolution
		SolutionGuid = {2673FBED-C026-48D3-9BEC-175AAC5B0A64}
	EndGlobalSection
EndGlobal
